# This file is automatically @generated by Cargo.
# It is not intended for manual editing.
[[package]]
name = "aoc-2019"
version = "0.1.0"
dependencies = [
 "digits_iterator 0.1.0 (registry+https://github.com/rust-lang/crates.io-index)",
 "permutohedron 0.2.4 (registry+https://github.com/rust-lang/crates.io-index)",
]

[[package]]
name = "digits_iterator"
version = "0.1.0"
source = "registry+https://github.com/rust-lang/crates.io-index"

[[package]]
name = "permutohedron"
version = "0.2.4"
source = "registry+https://github.com/rust-lang/crates.io-index"

[metadata]
"checksum digits_iterator 0.1.0 (registry+https://github.com/rust-lang/crates.io-index)" = "af83450b771231745d43edf36dc9b7813ab83be5e8cbea344ccced1a09dfebcd"
"checksum permutohedron 0.2.4 (registry+https://github.com/rust-lang/crates.io-index)" = "b687ff7b5da449d39e418ad391e5e08da53ec334903ddbb921db208908fc372c"
